PODS:
  - FlexLayout (1.3.17)
  - PinLayout (1.8.12)

DEPENDENCIES:
  - FlexLayout
  - PinLayout

SPEC REPOS:
  trunk:
    - FlexLayout
    - PinLayout

SPEC CHECKSUMS:
  FlexLayout: 257b6763526bc957d2abc2b77a05760b86ca0e21
  PinLayout: 7710deec29658edf16811b27a89a90a0eddd0d9e

PODFILE CHECKSUM: 4b55360306d3a365f64df5f488df4679bee2efc6

COCOAPODS: 1.8.1
